
Microsoft Visual Studio Solution File, Format Version 12.00
# Visual Studio Version 16
VisualStudioVersion = 16.0.31624.102
MinimumVisualStudioVersion = 10.0.40219.1
Project("{FAE04EC0-301F-11D3-BF4B-00C04F79EFBC}") = "XamBiometric.UWP", "XamBiometric\XamBiometric.UWP\XamBiometric.UWP.csproj", "{183D1206-70EC-4DF0-AA37-D6B59F712D82}"
EndProject
Project("{FAE04EC0-301F-11D3-BF4B-00C04F79EFBC}") = "XamBiometric.Android", "XamBiometric\XamBiometric.Android\XamBiometric.Android.csproj", "{C53524C5-868E-421E-A4D1-F6601E37B423}"
EndProject
Project("{FAE04EC0-301F-11D3-BF4B-00C04F79EFBC}") = "XamBiometric.iOS", "XamBiometric\XamBiometric.iOS\XamBiometric.iOS.csproj", "{FF4375F6-7497-4CF0-A654-9410E7B18809}"
EndProject
Project("{FAE04EC0-301F-11D3-BF4B-00C04F79EFBC}") = "XamBiometric", "XamBiometric\XamBiometric\XamBiometric.csproj", "{061C5024-1CE3-4ABF-A19D-F5F0F84141BE}"
EndProject
Global
	GlobalSection(SolutionConfigurationPlatforms) = preSolution
		Debug|Any CPU = Debug|Any CPU
		Debug|ARM = Debug|ARM
		Debug|iPhone = Debug|iPhone
		Debug|iPhoneSimulator = Debug|iPhoneSimulator
		Debug|x64 = Debug|x64
		Debug|x86 = Debug|x86
		Release|Any CPU = Release|Any CPU
		Release|ARM = Release|ARM
		Release|iPhone = Release|iPhone
		Release|iPhoneSimulator = Release|iPhoneSimulator
		Release|x64 = Release|x64
		Release|x86 = Release|x86
	EndGlobalSection
	GlobalSection(ProjectConfigurationPlatforms) = postSolution
		{183D1206-70EC-4DF0-AA37-D6B59F712D82}.Debug|Any CPU.ActiveCfg = Debug|x86
		{183D1206-70EC-4DF0-AA37-D6B59F712D82}.Debug|Any CPU.Build.0 = Debug|x86
		{183D1206-70EC-4DF0-AA37-D6B59F712D82}.Debug|Any CPU.Deploy.0 = Debug|x86
		{183D1206-70EC-4DF0-AA37-D6B59F712D82}.Debug|ARM.ActiveCfg = Debug|ARM
		{183D1206-70EC-4DF0-AA37-D6B59F712D82}.Debug|ARM.Build.0 = Debug|ARM
		{183D1206-70EC-4DF0-AA37-D6B59F712D82}.Debug|ARM.Deploy.0 = Debug|ARM
		{183D1206-70EC-4DF0-AA37-D6B59F712D82}.Debug|iPhone.ActiveCfg = Debug|x86
		{183D1206-70EC-4DF0-AA37-D6B59F712D82}.Debug|iPhone.Build.0 = Debug|x86
		{183D1206-70EC-4DF0-AA37-D6B59F712D82}.Debug|iPhone.Deploy.0 = Debug|x86
		{183D1206-70EC-4DF0-AA37-D6B59F712D82}.Debug|iPhoneSimulator.ActiveCfg = Debug|x86
		{183D1206-70EC-4DF0-AA37-D6B59F712D82}.Debug|iPhoneSimulator.Build.0 = Debug|x86
		{183D1206-70EC-4DF0-AA37-D6B59F712D82}.Debug|iPhoneSimulator.Deploy.0 = Debug|x86
		{183D1206-70EC-4DF0-AA37-D6B59F712D82}.Debug|x64.ActiveCfg = Debug|x64
		{183D1206-70EC-4DF0-AA37-D6B59F712D82}.Debug|x64.Build.0 = Debug|x64
		{183D1206-70EC-4DF0-AA37-D6B59F712D82}.Debug|x64.Deploy.0 = Debug|x64
		{183D1206-70EC-4DF0-AA37-D6B59F712D82}.Debug|x86.ActiveCfg = Debug|x86
		{183D1206-70EC-4DF0-AA37-D6B59F712D82}.Debug|x86.Build.0 = Debug|x86
		{183D1206-70EC-4DF0-AA37-D6B59F712D82}.Debug|x86.Deploy.0 = Debug|x86
		{183D1206-70EC-4DF0-AA37-D6B59F712D82}.Release|Any CPU.ActiveCfg = Release|x86
		{183D1206-70EC-4DF0-AA37-D6B59F712D82}.Release|Any CPU.Build.0 = Release|x86
		{183D1206-70EC-4DF0-AA37-D6B59F712D82}.Release|Any CPU.Deploy.0 = Release|x86
		{183D1206-70EC-4DF0-AA37-D6B59F712D82}.Release|ARM.ActiveCfg = Release|ARM
		{183D1206-70EC-4DF0-AA37-D6B59F712D82}.Release|ARM.Build.0 = Release|ARM
		{183D1206-70EC-4DF0-AA37-D6B59F712D82}.Release|ARM.Deploy.0 = Release|ARM
		{183D1206-70EC-4DF0-AA37-D6B59F712D82}.Release|iPhone.ActiveCfg = Release|x86
		{183D1206-70EC-4DF0-AA37-D6B59F712D82}.Release|iPhone.Build.0 = Release|x86
		{183D1206-70EC-4DF0-AA37-D6B59F712D82}.Release|iPhone.Deploy.0 = Release|x86
		{183D1206-70EC-4DF0-AA37-D6B59F712D82}.Release|iPhoneSimulator.ActiveCfg = Release|x86
		{183D1206-70EC-4DF0-AA37-D6B59F712D82}.Release|iPhoneSimulator.Build.0 = Release|x86
		{183D1206-70EC-4DF0-AA37-D6B59F712D82}.Release|iPhoneSimulator.Deploy.0 = Release|x86
		{183D1206-70EC-4DF0-AA37-D6B59F712D82}.Release|x64.ActiveCfg = Release|x64
		{183D1206-70EC-4DF0-AA37-D6B59F712D82}.Release|x64.Build.0 = Release|x64
		{183D1206-70EC-4DF0-AA37-D6B59F712D82}.Release|x64.Deploy.0 = Release|x64
		{183D1206-70EC-4DF0-AA37-D6B59F712D82}.Release|x86.ActiveCfg = Release|x86
		{183D1206-70EC-4DF0-AA37-D6B59F712D82}.Release|x86.Build.0 = Release|x86
		{183D1206-70EC-4DF0-AA37-D6B59F712D82}.Release|x86.Deploy.0 = Release|x86
		{C53524C5-868E-421E-A4D1-F6601E37B423}.Debug|Any CPU.ActiveCfg = Debug|Any CPU
		{C53524C5-868E-421E-A4D1-F6601E37B423}.Debug|Any CPU.Build.0 = Debug|Any CPU
		{C53524C5-868E-421E-A4D1-F6601E37B423}.Debug|Any CPU.Deploy.0 = Debug|Any CPU
		{C53524C5-868E-421E-A4D1-F6601E37B423}.Debug|ARM.ActiveCfg = Debug|Any CPU
		{C53524C5-868E-421E-A4D1-F6601E37B423}.Debug|ARM.Build.0 = Debug|Any CPU
		{C53524C5-868E-421E-A4D1-F6601E37B423}.Debug|ARM.Deploy.0 = Debug|Any CPU
		{C53524C5-868E-421E-A4D1-F6601E37B423}.Debug|iPhone.ActiveCfg = Debug|Any CPU
		{C53524C5-868E-421E-A4D1-F6601E37B423}.Debug|iPhone.Build.0 = Debug|Any CPU
		{C53524C5-868E-421E-A4D1-F6601E37B423}.Debug|iPhone.Deploy.0 = Debug|Any CPU
		{C53524C5-868E-421E-A4D1-F6601E37B423}.Debug|iPhoneSimulator.ActiveCfg = Debug|Any CPU
		{C53524C5-868E-421E-A4D1-F6601E37B423}.Debug|iPhoneSimulator.Build.0 = Debug|Any CPU
		{C53524C5-868E-421E-A4D1-F6601E37B423}.Debug|iPhoneSimulator.Deploy.0 = Debug|Any CPU
		{C53524C5-868E-421E-A4D1-F6601E37B423}.Debug|x64.ActiveCfg = Debug|Any CPU
		{C53524C5-868E-421E-A4D1-F6601E37B423}.Debug|x64.Build.0 = Debug|Any CPU
		{C53524C5-868E-421E-A4D1-F6601E37B423}.Debug|x64.Deploy.0 = Debug|Any CPU
		{C53524C5-868E-421E-A4D1-F6601E37B423}.Debug|x86.ActiveCfg = Debug|Any CPU
		{C53524C5-868E-421E-A4D1-F6601E37B423}.Debug|x86.Build.0 = Debug|Any CPU
		{C53524C5-868E-421E-A4D1-F6601E37B423}.Debug|x86.Deploy.0 = Debug|Any CPU
		{C53524C5-868E-421E-A4D1-F6601E37B423}.Release|Any CPU.ActiveCfg = Release|Any CPU
		{C53524C5-868E-421E-A4D1-F6601E37B423}.Release|Any CPU.Build.0 = Release|Any CPU
		{C53524C5-868E-421E-A4D1-F6601E37B423}.Release|Any CPU.Deploy.0 = Release|Any CPU
		{C53524C5-868E-421E-A4D1-F6601E37B423}.Release|ARM.ActiveCfg = Release|Any CPU
		{C53524C5-868E-421E-A4D1-F6601E37B423}.Release|ARM.Build.0 = Release|Any CPU
		{C53524C5-868E-421E-A4D1-F6601E37B423}.Release|ARM.Deploy.0 = Release|Any CPU
		{C53524C5-868E-421E-A4D1-F6601E37B423}.Release|iPhone.ActiveCfg = Release|Any CPU
		{C53524C5-868E-421E-A4D1-F6601E37B423}.Release|iPhone.Build.0 = Release|Any CPU
		{C53524C5-868E-421E-A4D1-F6601E37B423}.Release|iPhone.Deploy.0 = Release|Any CPU
		{C53524C5-868E-421E-A4D1-F6601E37B423}.Release|iPhoneSimulator.ActiveCfg = Release|Any CPU
		{C53524C5-868E-421E-A4D1-F6601E37B423}.Release|iPhoneSimulator.Build.0 = Release|Any CPU
		{C53524C5-868E-421E-A4D1-F6601E37B423}.Release|iPhoneSimulator.Deploy.0 = Release|Any CPU
		{C53524C5-868E-421E-A4D1-F6601E37B423}.Release|x64.ActiveCfg = Release|Any CPU
		{C53524C5-868E-421E-A4D1-F6601E37B423}.Release|x64.Build.0 = Release|Any CPU
		{C53524C5-868E-421E-A4D1-F6601E37B423}.Release|x64.Deploy.0 = Release|Any CPU
		{C53524C5-868E-421E-A4D1-F6601E37B423}.Release|x86.ActiveCfg = Release|Any CPU
		{C53524C5-868E-421E-A4D1-F6601E37B423}.Release|x86.Build.0 = Release|Any CPU
		{C53524C5-868E-421E-A4D1-F6601E37B423}.Release|x86.Deploy.0 = Release|Any CPU
		{FF4375F6-7497-4CF0-A654-9410E7B18809}.Debug|Any CPU.ActiveCfg = Debug|iPhoneSimulator
		{FF4375F6-7497-4CF0-A654-9410E7B18809}.Debug|Any CPU.Build.0 = Debug|iPhoneSimulator
		{FF4375F6-7497-4CF0-A654-9410E7B18809}.Debug|Any CPU.Deploy.0 = Debug|iPhoneSimulator
		{FF4375F6-7497-4CF0-A654-9410E7B18809}.Debug|ARM.ActiveCfg = Debug|iPhone
		{FF4375F6-7497-4CF0-A654-9410E7B18809}.Debug|ARM.Build.0 = Debug|iPhone
		{FF4375F6-7497-4CF0-A654-9410E7B18809}.Debug|ARM.Deploy.0 = Debug|iPhone
		{FF4375F6-7497-4CF0-A654-9410E7B18809}.Debug|iPhone.ActiveCfg = Debug|iPhone
		{FF4375F6-7497-4CF0-A654-9410E7B18809}.Debug|iPhone.Build.0 = Debug|iPhone
		{FF4375F6-7497-4CF0-A654-9410E7B18809}.Debug|iPhone.Deploy.0 = Debug|iPhone
		{FF4375F6-7497-4CF0-A654-9410E7B18809}.Debug|iPhoneSimulator.ActiveCfg = Debug|iPhoneSimulator
		{FF4375F6-7497-4CF0-A654-9410E7B18809}.Debug|iPhoneSimulator.Build.0 = Debug|iPhoneSimulator
		{FF4375F6-7497-4CF0-A654-9410E7B18809}.Debug|iPhoneSimulator.Deploy.0 = Debug|iPhoneSimulator
		{FF4375F6-7497-4CF0-A654-9410E7B18809}.Debug|x64.ActiveCfg = Debug|iPhoneSimulator
		{FF4375F6-7497-4CF0-A654-9410E7B18809}.Debug|x64.Build.0 = Debug|iPhoneSimulator
		{FF4375F6-7497-4CF0-A654-9410E7B18809}.Debug|x64.Deploy.0 = Debug|iPhoneSimulator
		{FF4375F6-7497-4CF0-A654-9410E7B18809}.Debug|x86.ActiveCfg = Debug|iPhoneSimulator
		{FF4375F6-7497-4CF0-A654-9410E7B18809}.Debug|x86.Build.0 = Debug|iPhoneSimulator
		{FF4375F6-7497-4CF0-A654-9410E7B18809}.Debug|x86.Deploy.0 = Debug|iPhoneSimulator
		{FF4375F6-7497-4CF0-A654-9410E7B18809}.Release|Any CPU.ActiveCfg = Release|iPhoneSimulator
		{FF4375F6-7497-4CF0-A654-9410E7B18809}.Release|Any CPU.Build.0 = Release|iPhoneSimulator
		{FF4375F6-7497-4CF0-A654-9410E7B18809}.Release|Any CPU.Deploy.0 = Release|iPhoneSimulator
		{FF4375F6-7497-4CF0-A654-9410E7B18809}.Release|ARM.ActiveCfg = Release|iPhoneSimulator
		{FF4375F6-7497-4CF0-A654-9410E7B18809}.Release|ARM.Build.0 = Release|iPhoneSimulator
		{FF4375F6-7497-4CF0-A654-9410E7B18809}.Release|ARM.Deploy.0 = Release|iPhoneSimulator
		{FF4375F6-7497-4CF0-A654-9410E7B18809}.Release|iPhone.ActiveCfg = Release|iPhone
		{FF4375F6-7497-4CF0-A654-9410E7B18809}.Release|iPhone.Build.0 = Release|iPhone
		{FF4375F6-7497-4CF0-A654-9410E7B18809}.Release|iPhone.Deploy.0 = Release|iPhone
		{FF4375F6-7497-4CF0-A654-9410E7B18809}.Release|iPhoneSimulator.ActiveCfg = Release|iPhoneSimulator
		{FF4375F6-7497-4CF0-A654-9410E7B18809}.Release|iPhoneSimulator.Build.0 = Release|iPhoneSimulator
		{FF4375F6-7497-4CF0-A654-9410E7B18809}.Release|iPhoneSimulator.Deploy.0 = Release|iPhoneSimulator
		{FF4375F6-7497-4CF0-A654-9410E7B18809}.Release|x64.ActiveCfg = Release|iPhoneSimulator
		{FF4375F6-7497-4CF0-A654-9410E7B18809}.Release|x64.Build.0 = Release|iPhoneSimulator
		{FF4375F6-7497-4CF0-A654-9410E7B18809}.Release|x64.Deploy.0 = Release|iPhoneSimulator
		{FF4375F6-7497-4CF0-A654-9410E7B18809}.Release|x86.ActiveCfg = Release|iPhoneSimulator
		{FF4375F6-7497-4CF0-A654-9410E7B18809}.Release|x86.Build.0 = Release|iPhoneSimulator
		{FF4375F6-7497-4CF0-A654-9410E7B18809}.Release|x86.Deploy.0 = Release|iPhoneSimulator
		{061C5024-1CE3-4ABF-A19D-F5F0F84141BE}.Debug|Any CPU.ActiveCfg = Debug|Any CPU
		{061C5024-1CE3-4ABF-A19D-F5F0F84141BE}.Debug|Any CPU.Build.0 = Debug|Any CPU
		{061C5024-1CE3-4ABF-A19D-F5F0F84141BE}.Debug|Any CPU.Deploy.0 = Debug|Any CPU
		{061C5024-1CE3-4ABF-A19D-F5F0F84141BE}.Debug|ARM.ActiveCfg = Debug|Any CPU
		{061C5024-1CE3-4ABF-A19D-F5F0F84141BE}.Debug|ARM.Build.0 = Debug|Any CPU
		{061C5024-1CE3-4ABF-A19D-F5F0F84141BE}.Debug|ARM.Deploy.0 = Debug|Any CPU
		{061C5024-1CE3-4ABF-A19D-F5F0F84141BE}.Debug|iPhone.ActiveCfg = Debug|Any CPU
		{061C5024-1CE3-4ABF-A19D-F5F0F84141BE}.Debug|iPhone.Build.0 = Debug|Any CPU
		{061C5024-1CE3-4ABF-A19D-F5F0F84141BE}.Debug|iPhone.Deploy.0 = Debug|Any CPU
		{061C5024-1CE3-4ABF-A19D-F5F0F84141BE}.Debug|iPhoneSimulator.ActiveCfg = Debug|Any CPU
		{061C5024-1CE3-4ABF-A19D-F5F0F84141BE}.Debug|iPhoneSimulator.Build.0 = Debug|Any CPU
		{061C5024-1CE3-4ABF-A19D-F5F0F84141BE}.Debug|iPhoneSimulator.Deploy.0 = Debug|Any CPU
		{061C5024-1CE3-4ABF-A19D-F5F0F84141BE}.Debug|x64.ActiveCfg = Debug|Any CPU
		{061C5024-1CE3-4ABF-A19D-F5F0F84141BE}.Debug|x64.Build.0 = Debug|Any CPU
		{061C5024-1CE3-4ABF-A19D-F5F0F84141BE}.Debug|x64.Deploy.0 = Debug|Any CPU
		{061C5024-1CE3-4ABF-A19D-F5F0F84141BE}.Debug|x86.ActiveCfg = Debug|Any CPU
		{061C5024-1CE3-4ABF-A19D-F5F0F84141BE}.Debug|x86.Build.0 = Debug|Any CPU
		{061C5024-1CE3-4ABF-A19D-F5F0F84141BE}.Debug|x86.Deploy.0 = Debug|Any CPU
		{061C5024-1CE3-4ABF-A19D-F5F0F84141BE}.Release|Any CPU.ActiveCfg = Release|Any CPU
		{061C5024-1CE3-4ABF-A19D-F5F0F84141BE}.Release|Any CPU.Build.0 = Release|Any CPU
		{061C5024-1CE3-4ABF-A19D-F5F0F84141BE}.Release|Any CPU.Deploy.0 = Release|Any CPU
		{061C5024-1CE3-4ABF-A19D-F5F0F84141BE}.Release|ARM.ActiveCfg = Release|Any CPU
		{061C5024-1CE3-4ABF-A19D-F5F0F84141BE}.Release|ARM.Build.0 = Release|Any CPU
		{061C5024-1CE3-4ABF-A19D-F5F0F84141BE}.Release|ARM.Deploy.0 = Release|Any CPU
		{061C5024-1CE3-4ABF-A19D-F5F0F84141BE}.Release|iPhone.ActiveCfg = Release|Any CPU
		{061C5024-1CE3-4ABF-A19D-F5F0F84141BE}.Release|iPhone.Build.0 = Release|Any CPU
		{061C5024-1CE3-4ABF-A19D-F5F0F84141BE}.Release|iPhone.Deploy.0 = Release|Any CPU
		{061C5024-1CE3-4ABF-A19D-F5F0F84141BE}.Release|iPhoneSimulator.ActiveCfg = Release|Any CPU
		{061C5024-1CE3-4ABF-A19D-F5F0F84141BE}.Release|iPhoneSimulator.Build.0 = Release|Any CPU
		{061C5024-1CE3-4ABF-A19D-F5F0F84141BE}.Release|iPhoneSimulator.Deploy.0 = Release|Any CPU
		{061C5024-1CE3-4ABF-A19D-F5F0F84141BE}.Release|x64.ActiveCfg = Release|Any CPU
		{061C5024-1CE3-4ABF-A19D-F5F0F84141BE}.Release|x64.Build.0 = Release|Any CPU
		{061C5024-1CE3-4ABF-A19D-F5F0F84141BE}.Release|x64.Deploy.0 = Release|Any CPU
		{061C5024-1CE3-4ABF-A19D-F5F0F84141BE}.Release|x86.ActiveCfg = Release|Any CPU
		{061C5024-1CE3-4ABF-A19D-F5F0F84141BE}.Release|x86.Build.0 = Release|Any CPU
		{061C5024-1CE3-4ABF-A19D-F5F0F84141BE}.Release|x86.Deploy.0 = Release|Any CPU
	EndGlobalSection
	GlobalSection(SolutionProperties) = preSolution
		HideSolutionNode = FALSE
	EndGlobalSection
	GlobalSection(ExtensibilityGlobals) = postSolution
		SolutionGuid = {CB9B4154-6B70-4538-B9DD-6D0591D2DA55}
	EndGlobalSection
EndGlobal
